// !$*UTF8*$!
{
	archiveVersion = 1;
	classes = {
	};
	objectVersion = 56;
	objects = {

/* Begin PBXBuildFile section */
		A1000001000000000000A001 /* iOSApp.swift in Sources */ = {isa = PBXBuildFile; fileRef = A1000001000000000000B001 /* iOSApp.swift */; };
		A1000001000000000000A002 /* ContentView.swift in Sources */ = {isa = PBXBuildFile; fileRef = A1000001000000000000B002 /* ContentView.swift */; };
		A1000001000000000000A003 /* Theme.swift in Sources */ = {isa = PBXBuildFile; fileRef = A1000001000000000000B003 /* Theme.swift */; };
		A1000001000000000000A004 /* AppViewModel.swift in Sources */ = {isa = PBXBuildFile; fileRef = A1000001000000000000B004 /* AppViewModel.swift */; };
		A1000001000000000000A005 /* HomeView.swift in Sources */ = {isa = PBXBuildFile; fileRef = A1000001000000000000B005 /* HomeView.swift */; };
		A1000001000000000000A006 /* GamePickerView.swift in Sources */ = {isa = PBXBuildFile; fileRef = A1000001000000000000B006 /* GamePickerView.swift */; };
		A1000001000000000000A007 /* AddPlayersView.swift in Sources */ = {isa = PBXBuildFile; fileRef = A1000001000000000000B007 /* AddPlayersView.swift */; };
		A1000001000000000000A008 /* ScoreEntryView.swift in Sources */ = {isa = PBXBuildFile; fileRef = A1000001000000000000B008 /* ScoreEntryView.swift */; };
		A1000001000000000000A009 /* SummaryView.swift in Sources */ = {isa = PBXBuildFile; fileRef = A1000001000000000000B009 /* SummaryView.swift */; };
		A1000001000000000000A010 /* GoogleService-Info.plist in Resources */ = {isa = PBXBuildFile; fileRef = A1000001000000000000B011 /* GoogleService-Info.plist */; };
		A1000001000000000000A012 /* AuthViewModel.swift in Sources */ = {isa = PBXBuildFile; fileRef = A1000001000000000000B012 /* AuthViewModel.swift */; };
		A1000001000000000000A013 /* LoginView.swift in Sources */ = {isa = PBXBuildFile; fileRef = A1000001000000000000B013 /* LoginView.swift */; };
/* End PBXBuildFile section */

/* Begin PBXFileReference section */
		A1000001000000000000B001 /* iOSApp.swift */ = {isa = PBXFileReference; lastKnownFileType = sourcecode.swift; path = iOSApp.swift; sourceTree = "<group>"; };
		A1000001000000000000B002 /* ContentView.swift */ = {isa = PBXFileReference; lastKnownFileType = sourcecode.swift; path = ContentView.swift; sourceTree = "<group>"; };
		A1000001000000000000B003 /* Theme.swift */ = {isa = PBXFileReference; lastKnownFileType = sourcecode.swift; path = Theme.swift; sourceTree = "<group>"; };
		A1000001000000000000B004 /* AppViewModel.swift */ = {isa = PBXFileReference; lastKnownFileType = sourcecode.swift; path = AppViewModel.swift; sourceTree = "<group>"; };
		A1000001000000000000B005 /* HomeView.swift */ = {isa = PBXFileReference; lastKnownFileType = sourcecode.swift; path = HomeView.swift; sourceTree = "<group>"; };
		A1000001000000000000B006 /* GamePickerView.swift */ = {isa = PBXFileReference; lastKnownFileType = sourcecode.swift; path = GamePickerView.swift; sourceTree = "<group>"; };
		A1000001000000000000B007 /* AddPlayersView.swift */ = {isa = PBXFileReference; lastKnownFileType = sourcecode.swift; path = AddPlayersView.swift; sourceTree = "<group>"; };
		A1000001000000000000B008 /* ScoreEntryView.swift */ = {isa = PBXFileReference; lastKnownFileType = sourcecode.swift; path = ScoreEntryView.swift; sourceTree = "<group>"; };
		A1000001000000000000B009 /* SummaryView.swift */ = {isa = PBXFileReference; lastKnownFileType = sourcecode.swift; path = SummaryView.swift; sourceTree = "<group>"; };
		A1000001000000000000B010 /* Info.plist */ = {isa = PBXFileReference; lastKnownFileType = text.plist.xml; path = Info.plist; sourceTree = "<group>"; };
		A1000001000000000000B011 /* GoogleService-Info.plist */ = {isa = PBXFileReference; lastKnownFileType = text.plist.xml; path = "GoogleService-Info.plist"; sourceTree = "<group>"; };
		A1000001000000000000B012 /* AuthViewModel.swift */ = {isa = PBXFileReference; lastKnownFileType = sourcecode.swift; path = AuthViewModel.swift; sourceTree = "<group>"; };
		A1000001000000000000B013 /* LoginView.swift */ = {isa = PBXFileReference; lastKnownFileType = sourcecode.swift; path = LoginView.swift; sourceTree = "<group>"; };
		A1000001000000000000C001 /* iosApp.app */ = {isa = PBXFileReference; explicitFileType = wrapper.application; includeInIndex = 0; path = iosApp.app; sourceTree = BUILT_PRODUCTS_DIR; };
/* End PBXFileReference section */

/* Begin PBXFrameworksBuildPhase section */
		A1000001000000000000D001 /* Frameworks */ = {
			isa = PBXFrameworksBuildPhase;
			buildActionMask = 2147483647;
			files = (
			);
			runOnlyForDeploymentPostprocessing = 0;
		};
/* End PBXFrameworksBuildPhase section */

/* Begin PBXGroup section */
		A1000001000000000000E001 = {
			isa = PBXGroup;
			children = (
				A1000001000000000000E002 /* iosApp */,
				A1000001000000000000C002 /* Products */,
			);
			sourceTree = "<group>";
		};
		A1000001000000000000C002 /* Products */ = {
			isa = PBXGroup;
			children = (
				A1000001000000000000C001 /* iosApp.app */,
			);
			name = Products;
			sourceTree = "<group>";
		};
		A1000001000000000000E002 /* iosApp */ = {
			isa = PBXGroup;
			children = (
				A1000001000000000000B001 /* iOSApp.swift */,
				A1000001000000000000B002 /* ContentView.swift */,
				A1000001000000000000B003 /* Theme.swift */,
				A1000001000000000000E003 /* Models */,
				A1000001000000000000E004 /* Views */,
				A1000001000000000000B010 /* Info.plist */,
				A1000001000000000000B011 /* GoogleService-Info.plist */,
			);
			path = iosApp;
			sourceTree = "<group>";
		};
		A1000001000000000000E003 /* Models */ = {
			isa = PBXGroup;
			children = (
				A1000001000000000000B004 /* AppViewModel.swift */,
				A1000001000000000000B012 /* AuthViewModel.swift */,
			);
			path = Models;
			sourceTree = "<group>";
		};
		A1000001000000000000E004 /* Views */ = {
			isa = PBXGroup;
			children = (
				A1000001000000000000B005 /* HomeView.swift */,
				A1000001000000000000B006 /* GamePickerView.swift */,
				A1000001000000000000B007 /* AddPlayersView.swift */,
				A1000001000000000000B008 /* ScoreEntryView.swift */,
				A1000001000000000000B009 /* SummaryView.swift */,
				A1000001000000000000B013 /* LoginView.swift */,
			);
			path = Views;
			sourceTree = "<group>";
		};
/* End PBXGroup section */

/* Begin PBXNativeTarget section */
		A1000001000000000000F001 /* iosApp */ = {
			isa = PBXNativeTarget;
			buildConfigurationList = A1000001000000000000FA01 /* Build configuration list for PBXNativeTarget "iosApp" */;
			buildPhases = (
				A1000001000000000000D002 /* Embed Shared KMP Framework */,
				A1000001000000000000D003 /* Sources */,
				A1000001000000000000D001 /* Frameworks */,
				A1000001000000000000D004 /* Resources */,
			);
			buildRules = (
			);
			dependencies = (
			);
			name = iosApp;
			productName = iosApp;
			productReference = A1000001000000000000C001 /* iosApp.app */;
			productType = "com.apple.product-type.application";
		};
/* End PBXNativeTarget section */

/* Begin PBXProject section */
		A1000001000000000000FB01 /* Project object */ = {
			isa = PBXProject;
			attributes = {
				BuildIndependentTargetsInParallel = 1;
				LastSwiftUpdateCheck = 1600;
				LastUpgradeCheck = 1600;
				TargetAttributes = {
					A1000001000000000000F001 = {
						CreatedOnToolsVersion = 16.0;
					};
				};
			};
			buildConfigurationList = A1000001000000000000FA02 /* Build configuration list for PBXProject "iosApp" */;
			compatibilityVersion = "Xcode 14.0";
			developmentRegion = en;
			hasScannedForEncodings = 0;
			knownRegions = (
				en,
				Base,
			);
			mainGroup = A1000001000000000000E001;
			productRefGroup = A1000001000000000000C002 /* Products */;
			projectDirPath = "";
			projectRoot = "";
			targets = (
				A1000001000000000000F001 /* iosApp */,
			);
		};
/* End PBXProject section */

/* Begin PBXResourcesBuildPhase section */
		A1000001000000000000D004 /* Resources */ = {
			isa = PBXResourcesBuildPhase;
			buildActionMask = 2147483647;
			files = (
				A1000001000000000000A010 /* GoogleService-Info.plist in Resources */,
			);
			runOnlyForDeploymentPostprocessing = 0;
		};
/* End PBXResourcesBuildPhase section */

/* Begin PBXShellScriptBuildPhase section */
		A1000001000000000000D002 /* Embed Shared KMP Framework */ = {
			isa = PBXShellScriptBuildPhase;
			buildActionMask = 2147483647;
			files = (
			);
			inputFileListPaths = (
			);
			inputPaths = (
			);
			name = "Embed Shared KMP Framework";
			outputFileListPaths = (
			);
			outputPaths = (
			);
			runOnlyForDeploymentPostprocessing = 0;
			shellPath = /bin/sh;
			shellScript = "cd \"$SRCROOT/..\"\n./gradlew :shared:embedAndSignAppleFrameworkForXcode\n";
		};
/* End PBXShellScriptBuildPhase section */

/* Begin PBXSourcesBuildPhase section */
		A1000001000000000000D003 /* Sources */ = {
			isa = PBXSourcesBuildPhase;
			buildActionMask = 2147483647;
			files = (
				A1000001000000000000A001 /* iOSApp.swift in Sources */,
				A1000001000000000000A002 /* ContentView.swift in Sources */,
				A1000001000000000000A003 /* Theme.swift in Sources */,
				A1000001000000000000A004 /* AppViewModel.swift in Sources */,
				A1000001000000000000A005 /* HomeView.swift in Sources */,
				A1000001000000000000A006 /* GamePickerView.swift in Sources */,
				A1000001000000000000A007 /* AddPlayersView.swift in Sources */,
				A1000001000000000000A008 /* ScoreEntryView.swift in Sources */,
				A1000001000000000000A009 /* SummaryView.swift in Sources */,
				A1000001000000000000A012 /* AuthViewModel.swift in Sources */,
				A1000001000000000000A013 /* LoginView.swift in Sources */,
			);
			runOnlyForDeploymentPostprocessing = 0;
		};
/* End PBXSourcesBuildPhase section */

/* Begin XCBuildConfiguration section */
		A1000001000000000000FC01 /* Debug */ = {
			isa = XCBuildConfiguration;
			buildSettings = {
				ALWAYS_SEARCH_USER_PATHS = NO;
				CLANG_ENABLE_MODULES = YES;
				CLANG_ENABLE_OBJC_ARC = YES;
				CODE_SIGN_STYLE = Automatic;
				DEBUG_INFORMATION_FORMAT = dwarf;
				ENABLE_TESTABILITY = YES;
				FRAMEWORK_SEARCH_PATHS = (
					"$(inherited)",
					"$(SRCROOT)/../shared/build/xcode-frameworks/$(CONFIGURATION)/$(SDK_NAME)",
				);
				GCC_OPTIMIZATION_LEVEL = 0;
				IPHONEOS_DEPLOYMENT_TARGET = 16.0;
				MTL_ENABLE_DEBUG_INFO = YES;
				ONLY_ACTIVE_ARCH = YES;
				OTHER_LDFLAGS = (
					"$(inherited)",
					"-framework",
					Shared,
				);
				SDKROOT = iphoneos;
				SWIFT_OPTIMIZATION_LEVEL = "-Onone";
				SWIFT_VERSION = 5.0;
			};
			name = Debug;
		};
		A1000001000000000000FC02 /* Release */ = {
			isa = XCBuildConfiguration;
			buildSettings = {
				ALWAYS_SEARCH_USER_PATHS = NO;
				CLANG_ENABLE_MODULES = YES;
				CLANG_ENABLE_OBJC_ARC = YES;
				CODE_SIGN_STYLE = Automatic;
				COPY_PHASE_STRIP = NO;
				DEBUG_INFORMATION_FORMAT = "dwarf-with-dsym";
				FRAMEWORK_SEARCH_PATHS = (
					"$(inherited)",
					"$(SRCROOT)/../shared/build/xcode-frameworks/$(CONFIGURATION)/$(SDK_NAME)",
				);
				IPHONEOS_DEPLOYMENT_TARGET = 16.0;
				MTL_ENABLE_DEBUG_INFO = NO;
				OTHER_LDFLAGS = (
					"$(inherited)",
					"-framework",
					Shared,
				);
				SDKROOT = iphoneos;
				SWIFT_COMPILATION_MODE = wholemodule;
				SWIFT_VERSION = 5.0;
				VALIDATE_PRODUCT = YES;
			};
			name = Release;
		};
		A1000001000000000000FC03 /* Debug */ = {
			isa = XCBuildConfiguration;
			buildSettings = {
				CODE_SIGN_STYLE = Automatic;
				CURRENT_PROJECT_VERSION = 1;
				INFOPLIST_FILE = iosApp/Info.plist;
				LD_RUNPATH_SEARCH_PATHS = (
					"$(inherited)",
					"@executable_path/Frameworks",
				);
				MARKETING_VERSION = 1.0;
				PRODUCT_BUNDLE_IDENTIFIER = com.scorekeeper.app;
				PRODUCT_NAME = "$(TARGET_NAME)";
				SWIFT_EMIT_LOC_STRINGS = YES;
				SWIFT_VERSION = 5.0;
				TARGETED_DEVICE_FAMILY = "1,2";
			};
			name = Debug;
		};
		A1000001000000000000FC04 /* Release */ = {
			isa = XCBuildConfiguration;
			buildSettings = {
				CODE_SIGN_STYLE = Automatic;
				CURRENT_PROJECT_VERSION = 1;
				INFOPLIST_FILE = iosApp/Info.plist;
				LD_RUNPATH_SEARCH_PATHS = (
					"$(inherited)",
					"@executable_path/Frameworks",
				);
				MARKETING_VERSION = 1.0;
				PRODUCT_BUNDLE_IDENTIFIER = com.scorekeeper.app;
				PRODUCT_NAME = "$(TARGET_NAME)";
				SWIFT_EMIT_LOC_STRINGS = YES;
				SWIFT_VERSION = 5.0;
				TARGETED_DEVICE_FAMILY = "1,2";
			};
			name = Release;
		};
/* End XCBuildConfiguration section */

/* Begin XCConfigurationList section */
		A1000001000000000000FA01 /* Build configuration list for PBXNativeTarget "iosApp" */ = {
			isa = XCConfigurationList;
			buildConfigurations = (
				A1000001000000000000FC03 /* Debug */,
				A1000001000000000000FC04 /* Release */,
			);
			defaultConfigurationIsVisible = 0;
			defaultConfigurationName = Release;
		};
		A1000001000000000000FA02 /* Build configuration list for PBXProject "iosApp" */ = {
			isa = XCConfigurationList;
			buildConfigurations = (
				A1000001000000000000FC01 /* Debug */,
				A1000001000000000000FC02 /* Release */,
			);
			defaultConfigurationIsVisible = 0;
			defaultConfigurationName = Release;
		};
/* End XCConfigurationList section */
	};
	rootObject = A1000001000000000000FB01 /* Project object */;
}
